PODS:
  - Expecta (0.2.3)
  - OCMock (2.0.1)
  - Specta (0.2.1)

DEPENDENCIES:
  - Expecta (= 0.2.3)
  - OCMock (= 2.0.1)
  - Specta (= 0.2.1)

SPEC CHECKSUMS:
  Expecta: 1fd7b27eb5306541720fa578f1ea066c3f411d4d
  OCMock: 7a839b55abfb78e8ec3bf6eaa3cdcc567ac71d2a
  Specta: 15a276a6343867b426d5ed135d5aa4d04123a573

PODFILE CHECKSUM: c3c8007bac65eb328de10a061fd3bd240f09f94f

COCOAPODS: 1.0.0.beta.2
